
Microsoft Visual Studio Solution File, Format Version 12.00
# Visual Studio Version 16
VisualStudioVersion = 16.0.29926.136
MinimumVisualStudioVersion = 10.0.40219.1
Project("{9A19103F-16F7-4668-BE54-9A1E7A4F7556}") = "Domain", "Domain\Domain.csproj", "{BABA595A-C7F3-4F74-BC99-87597DB45303}"
EndProject
Project("{9A19103F-16F7-4668-BE54-9A1E7A4F7556}") = "Infrastructure", "Infrastructure\Infrastructure.csproj", "{859CE8CD-D1E4-42CD-9A80-0E75550B771E}"
EndProject
Project("{9A19103F-16F7-4668-BE54-9A1E7A4F7556}") = "Application", "Application\Application.csproj", "{54003FB5-CC61-4056-9369-53C3CFB71FBA}"
EndProject
Project("{9A19103F-16F7-4668-BE54-9A1E7A4F7556}") = "Domain.Test", "Domain.Test\Domain.Test.csproj", "{E7AD4A36-10DA-4851-96A0-913698C8C43A}"
EndProject
Project("{9A19103F-16F7-4668-BE54-9A1E7A4F7556}") = "Applicattion.Test", "Aplicattion.Test\Applicattion.Test.csproj", "{32152D59-21E6-40F0-BD96-C89EA8AAFDC3}"
EndProject
Project("{9A19103F-16F7-4668-BE54-9A1E7A4F7556}") = "WebApi", "WebApi\WebApi.csproj", "{C2DF9510-48C5-41EB-AE96-43FF5A6E49C0}"
EndProject
Project("{FAE04EC0-301F-11D3-BF4B-00C04F79EFBC}") = "WebAngular", "WebAngular\WebAngular.csproj", "{020A5726-7145-46CB-B191-C4C011773A71}"
EndProject
Project("{FAE04EC0-301F-11D3-BF4B-00C04F79EFBC}") = "WebApiAngular", "WebApiAngular\WebApiAngular.csproj", "{F0D4AED0-7A5B-4A1A-906B-1E579BED0FA5}"
EndProject
Global
	GlobalSection(SolutionConfigurationPlatforms) = preSolution
		Debug|Any CPU = Debug|Any CPU
		Release|Any CPU = Release|Any CPU
	EndGlobalSection
	GlobalSection(ProjectConfigurationPlatforms) = postSolution
		{BABA595A-C7F3-4F74-BC99-87597DB45303}.Debug|Any CPU.ActiveCfg = Debug|Any CPU
		{BABA595A-C7F3-4F74-BC99-87597DB45303}.Debug|Any CPU.Build.0 = Debug|Any CPU
		{BABA595A-C7F3-4F74-BC99-87597DB45303}.Release|Any CPU.ActiveCfg = Release|Any CPU
		{BABA595A-C7F3-4F74-BC99-87597DB45303}.Release|Any CPU.Build.0 = Release|Any CPU
		{859CE8CD-D1E4-42CD-9A80-0E75550B771E}.Debug|Any CPU.ActiveCfg = Debug|Any CPU
		{859CE8CD-D1E4-42CD-9A80-0E75550B771E}.Debug|Any CPU.Build.0 = Debug|Any CPU
		{859CE8CD-D1E4-42CD-9A80-0E75550B771E}.Release|Any CPU.ActiveCfg = Release|Any CPU
		{859CE8CD-D1E4-42CD-9A80-0E75550B771E}.Release|Any CPU.Build.0 = Release|Any CPU
		{54003FB5-CC61-4056-9369-53C3CFB71FBA}.Debug|Any CPU.ActiveCfg = Debug|Any CPU
		{54003FB5-CC61-4056-9369-53C3CFB71FBA}.Debug|Any CPU.Build.0 = Debug|Any CPU
		{54003FB5-CC61-4056-9369-53C3CFB71FBA}.Release|Any CPU.ActiveCfg = Release|Any CPU
		{54003FB5-CC61-4056-9369-53C3CFB71FBA}.Release|Any CPU.Build.0 = Release|Any CPU
		{E7AD4A36-10DA-4851-96A0-913698C8C43A}.Debug|Any CPU.ActiveCfg = Debug|Any CPU
		{E7AD4A36-10DA-4851-96A0-913698C8C43A}.Debug|Any CPU.Build.0 = Debug|Any CPU
		{E7AD4A36-10DA-4851-96A0-913698C8C43A}.Release|Any CPU.ActiveCfg = Release|Any CPU
		{E7AD4A36-10DA-4851-96A0-913698C8C43A}.Release|Any CPU.Build.0 = Release|Any CPU
		{32152D59-21E6-40F0-BD96-C89EA8AAFDC3}.Debug|Any CPU.ActiveCfg = Debug|Any CPU
		{32152D59-21E6-40F0-BD96-C89EA8AAFDC3}.Debug|Any CPU.Build.0 = Debug|Any CPU
		{32152D59-21E6-40F0-BD96-C89EA8AAFDC3}.Release|Any CPU.ActiveCfg = Release|Any CPU
		{32152D59-21E6-40F0-BD96-C89EA8AAFDC3}.Release|Any CPU.Build.0 = Release|Any CPU
		{C2DF9510-48C5-41EB-AE96-43FF5A6E49C0}.Debug|Any CPU.ActiveCfg = Debug|Any CPU
		{C2DF9510-48C5-41EB-AE96-43FF5A6E49C0}.Debug|Any CPU.Build.0 = Debug|Any CPU
		{C2DF9510-48C5-41EB-AE96-43FF5A6E49C0}.Release|Any CPU.ActiveCfg = Release|Any CPU
		{C2DF9510-48C5-41EB-AE96-43FF5A6E49C0}.Release|Any CPU.Build.0 = Release|Any CPU
		{020A5726-7145-46CB-B191-C4C011773A71}.Debug|Any CPU.ActiveCfg = Debug|Any CPU
		{020A5726-7145-46CB-B191-C4C011773A71}.Debug|Any CPU.Build.0 = Debug|Any CPU
		{020A5726-7145-46CB-B191-C4C011773A71}.Release|Any CPU.ActiveCfg = Release|Any CPU
		{020A5726-7145-46CB-B191-C4C011773A71}.Release|Any CPU.Build.0 = Release|Any CPU
		{F0D4AED0-7A5B-4A1A-906B-1E579BED0FA5}.Debug|Any CPU.ActiveCfg = Debug|Any CPU
		{F0D4AED0-7A5B-4A1A-906B-1E579BED0FA5}.Debug|Any CPU.Build.0 = Debug|Any CPU
		{F0D4AED0-7A5B-4A1A-906B-1E579BED0FA5}.Release|Any CPU.ActiveCfg = Release|Any CPU
		{F0D4AED0-7A5B-4A1A-906B-1E579BED0FA5}.Release|Any CPU.Build.0 = Release|Any CPU
	EndGlobalSection
	GlobalSection(SolutionProperties) = preSolution
		HideSolutionNode = FALSE
	EndGlobalSection
	GlobalSection(ExtensibilityGlobals) = postSolution
		SolutionGuid = {EBD239BF-C476-4E8D-8070-CD9974393921}
	EndGlobalSection
EndGlobal
